
Microsoft Visual Studio Solution File, Format Version 12.00
# Visual Studio Version 16
VisualStudioVersion = 16.0.31112.23
MinimumVisualStudioVersion = 10.0.40219.1
Project("{9A19103F-16F7-4668-BE54-9A1E7A4F7556}") = "HackTheClimate", "HackTheClimate.csproj", "{6F708BAA-ACA9-4E41-91B2-7B1D81BA01B9}"
EndProject
Project("{FAE04EC0-301F-11D3-BF4B-00C04F79EFBC}") = "HackTheClimate.Tools", "..\HackTheClimate.Tools\HackTheClimate.Tools.csproj", "{60997958-A75A-4246-A48F-F1A1A28AFEC3}"
EndProject
Global
	GlobalSection(SolutionConfigurationPlatforms) = preSolution
		Debug|Any CPU = Debug|Any CPU
		Release|Any CPU = Release|Any CPU
	EndGlobalSection
	GlobalSection(ProjectConfigurationPlatforms) = postSolution
		{6F708BAA-ACA9-4E41-91B2-7B1D81BA01B9}.Debug|Any CPU.ActiveCfg = Debug|Any CPU
		{6F708BAA-ACA9-4E41-91B2-7B1D81BA01B9}.Debug|Any CPU.Build.0 = Debug|Any CPU
		{6F708BAA-ACA9-4E41-91B2-7B1D81BA01B9}.Release|Any CPU.ActiveCfg = Release|Any CPU
		{6F708BAA-ACA9-4E41-91B2-7B1D81BA01B9}.Release|Any CPU.Build.0 = Release|Any CPU
		{60997958-A75A-4246-A48F-F1A1A28AFEC3}.Debug|Any CPU.ActiveCfg = Debug|Any CPU
		{60997958-A75A-4246-A48F-F1A1A28AFEC3}.Debug|Any CPU.Build.0 = Debug|Any CPU
		{60997958-A75A-4246-A48F-F1A1A28AFEC3}.Release|Any CPU.ActiveCfg = Release|Any CPU
		{60997958-A75A-4246-A48F-F1A1A28AFEC3}.Release|Any CPU.Build.0 = Release|Any CPU
	EndGlobalSection
	GlobalSection(SolutionProperties) = preSolution
		HideSolutionNode = FALSE
	EndGlobalSection
	GlobalSection(ExtensibilityGlobals) = postSolution
		SolutionGuid = {874214A0-9729-4A9F-A709-E8966BECCADD}
	EndGlobalSection
EndGlobal
